
Microsoft Visual Studio Solution File, Format Version 12.00
# Visual Studio Version 17
VisualStudioVersion = 17.0.31903.59
MinimumVisualStudioVersion = 10.0.40219.1
Project("{2150E333-8FDC-42A3-9474-1A3956D46DE8}") = "src", "src", "{BD94D9A0-7D71-46AA-84BF-A246FD01E05F}"
EndProject
Project("{FAE04EC0-301F-11D3-BF4B-00C04F79EFBC}") = "Molecularity.Core", "src\Molecularity.Core\Molecularity.Core.csproj", "{B5CF34F4-AEF4-41F2-9820-E71E362B728A}"
EndProject
Project("{FAE04EC0-301F-11D3-BF4B-00C04F79EFBC}") = "Molecularity.Console", "src\Molecularity.Console\Molecularity.Console.csproj", "{6A9F9A9E-1A18-439A-95BD-73E040D8DA73}"
EndProject
Project("{2150E333-8FDC-42A3-9474-1A3956D46DE8}") = "tests", "tests", "{3CB39824-5367-4A74-A008-7614E12D2B4F}"
EndProject
Project("{FAE04EC0-301F-11D3-BF4B-00C04F79EFBC}") = "Molecularity.Tests", "tests\Molecularity.Tests\Molecularity.Tests.csproj", "{3AC710D2-CDCD-4925-9A3F-DDE543D12F42}"
EndProject
Project("{2150E333-8FDC-42A3-9474-1A3956D46DE8}") = "tools", "tools", "{DDE7957E-D235-4E79-A9D0-6350992858F0}"
EndProject
Project("{FAE04EC0-301F-11D3-BF4B-00C04F79EFBC}") = "Molecularity.Solver", "tools\Molecularity.Solver\Molecularity.Solver.csproj", "{A21A0F2E-B774-46B6-8248-71F54202F5BE}"
EndProject
Project("{2150E333-8FDC-42A3-9474-1A3956D46DE8}") = "web", "web", "{EA4F0F76-D93A-4048-B7B7-83822FCA7995}"
EndProject
Project("{FAE04EC0-301F-11D3-BF4B-00C04F79EFBC}") = "Molecularity.Web", "web\Molecularity.Web\Molecularity.Web.csproj", "{1D26D932-29BE-4ACC-BDE6-9C59783AD150}"
EndProject
Global
	GlobalSection(SolutionConfigurationPlatforms) = preSolution
		Debug|Any CPU = Debug|Any CPU
		Release|Any CPU = Release|Any CPU
	EndGlobalSection
	GlobalSection(SolutionProperties) = preSolution
		HideSolutionNode = FALSE
	EndGlobalSection
	GlobalSection(ProjectConfigurationPlatforms) = postSolution
		{B5CF34F4-AEF4-41F2-9820-E71E362B728A}.Debug|Any CPU.ActiveCfg = Debug|Any CPU
		{B5CF34F4-AEF4-41F2-9820-E71E362B728A}.Debug|Any CPU.Build.0 = Debug|Any CPU
		{B5CF34F4-AEF4-41F2-9820-E71E362B728A}.Release|Any CPU.ActiveCfg = Release|Any CPU
		{B5CF34F4-AEF4-41F2-9820-E71E362B728A}.Release|Any CPU.Build.0 = Release|Any CPU
		{6A9F9A9E-1A18-439A-95BD-73E040D8DA73}.Debug|Any CPU.ActiveCfg = Debug|Any CPU
		{6A9F9A9E-1A18-439A-95BD-73E040D8DA73}.Debug|Any CPU.Build.0 = Debug|Any CPU
		{6A9F9A9E-1A18-439A-95BD-73E040D8DA73}.Release|Any CPU.ActiveCfg = Release|Any CPU
		{6A9F9A9E-1A18-439A-95BD-73E040D8DA73}.Release|Any CPU.Build.0 = Release|Any CPU
		{3AC710D2-CDCD-4925-9A3F-DDE543D12F42}.Debug|Any CPU.ActiveCfg = Debug|Any CPU
		{3AC710D2-CDCD-4925-9A3F-DDE543D12F42}.Debug|Any CPU.Build.0 = Debug|Any CPU
		{3AC710D2-CDCD-4925-9A3F-DDE543D12F42}.Release|Any CPU.ActiveCfg = Release|Any CPU
		{3AC710D2-CDCD-4925-9A3F-DDE543D12F42}.Release|Any CPU.Build.0 = Release|Any CPU
		{A21A0F2E-B774-46B6-8248-71F54202F5BE}.Debug|Any CPU.ActiveCfg = Debug|Any CPU
		{A21A0F2E-B774-46B6-8248-71F54202F5BE}.Debug|Any CPU.Build.0 = Debug|Any CPU
		{A21A0F2E-B774-46B6-8248-71F54202F5BE}.Release|Any CPU.ActiveCfg = Release|Any CPU
		{A21A0F2E-B774-46B6-8248-71F54202F5BE}.Release|Any CPU.Build.0 = Release|Any CPU
		{1D26D932-29BE-4ACC-BDE6-9C59783AD150}.Debug|Any CPU.ActiveCfg = Debug|Any CPU
		{1D26D932-29BE-4ACC-BDE6-9C59783AD150}.Debug|Any CPU.Build.0 = Debug|Any CPU
		{1D26D932-29BE-4ACC-BDE6-9C59783AD150}.Release|Any CPU.ActiveCfg = Release|Any CPU
		{1D26D932-29BE-4ACC-BDE6-9C59783AD150}.Release|Any CPU.Build.0 = Release|Any CPU
	EndGlobalSection
	GlobalSection(NestedProjects) = preSolution
		{B5CF34F4-AEF4-41F2-9820-E71E362B728A} = {BD94D9A0-7D71-46AA-84BF-A246FD01E05F}
		{6A9F9A9E-1A18-439A-95BD-73E040D8DA73} = {BD94D9A0-7D71-46AA-84BF-A246FD01E05F}
		{3AC710D2-CDCD-4925-9A3F-DDE543D12F42} = {3CB39824-5367-4A74-A008-7614E12D2B4F}
		{A21A0F2E-B774-46B6-8248-71F54202F5BE} = {DDE7957E-D235-4E79-A9D0-6350992858F0}
		{1D26D932-29BE-4ACC-BDE6-9C59783AD150} = {EA4F0F76-D93A-4048-B7B7-83822FCA7995}
	EndGlobalSection
EndGlobal
