
Microsoft Visual Studio Solution File, Format Version 12.00
# Visual Studio Version 17
VisualStudioVersion = 17.0.31903.59
MinimumVisualStudioVersion = 10.0.40219.1
Project("{2150E333-8FDC-42A3-9474-1A3956D46DE8}") = "src", "src", "{BD94D9A0-7D71-46AA-84BF-A246FD01E05F}"
EndProject
Project("{FAE04EC0-301F-11D3-BF4B-00C04F79EFBC}") = "Molecularity.Core", "src\Molecularity.Core\Molecularity.Core.csproj", "{B5CF34F4-AEF4-41F2-9820-E71E362B728A}"
EndProject
Project("{FAE04EC0-301F-11D3-BF4B-00C04F79EFBC}") = "Molecularity.Console", "src\Molecularity.Console\Molecularity.Console.csproj", "{6A9F9A9E-1A18-439A-95BD-73E040D8DA73}"
EndProject
Project("{2150E333-8FDC-42A3-9474-1A3956D46DE8}") = "tests", "tests", "{3CB39824-5367-4A74-A008-7614E12D2B4F}"
EndProject
Project("{FAE04EC0-301F-11D3-BF4B-00C04F79EFBC}") = "Molecularity.Tests", "tests\Molecularity.Tests\Molecularity.Tests.csproj", "{3AC710D2-CDCD-4925-9A3F-DDE543D12F42}"
EndProject
Global
	GlobalSection(SolutionConfigurationPlatforms) = preSolution
		Debug|Any CPU = Debug|Any CPU
		Release|Any CPU = Release|Any CPU
	EndGlobalSection
	GlobalSection(SolutionProperties) = preSolution
		HideSolutionNode = FALSE
	EndGlobalSection
	GlobalSection(ProjectConfigurationPlatforms) = postSolution
		{B5CF34F4-AEF4-41F2-9820-E71E362B728A}.Debug|Any CPU.ActiveCfg = Debug|Any CPU
		{B5CF34F4-AEF4-41F2-9820-E71E362B728A}.Debug|Any CPU.Build.0 = Debug|Any CPU
		{B5CF34F4-AEF4-41F2-9820-E71E362B728A}.Release|Any CPU.ActiveCfg = Release|Any CPU
		{B5CF34F4-AEF4-41F2-9820-E71E362B728A}.Release|Any CPU.Build.0 = Release|Any CPU
		{6A9F9A9E-1A18-439A-95BD-73E040D8DA73}.Debug|Any CPU.ActiveCfg = Debug|Any CPU
		{6A9F9A9E-1A18-439A-95BD-73E040D8DA73}.Debug|Any CPU.Build.0 = Debug|Any CPU
		{6A9F9A9E-1A18-439A-95BD-73E040D8DA73}.Release|Any CPU.ActiveCfg = Release|Any CPU
		{6A9F9A9E-1A18-439A-95BD-73E040D8DA73}.Release|Any CPU.Build.0 = Release|Any CPU
		{3AC710D2-CDCD-4925-9A3F-DDE543D12F42}.Debug|Any CPU.ActiveCfg = Debug|Any CPU
		{3AC710D2-CDCD-4925-9A3F-DDE543D12F42}.Debug|Any CPU.Build.0 = Debug|Any CPU
		{3AC710D2-CDCD-4925-9A3F-DDE543D12F42}.Release|Any CPU.ActiveCfg = Release|Any CPU
		{3AC710D2-CDCD-4925-9A3F-DDE543D12F42}.Release|Any CPU.Build.0 = Release|Any CPU
	EndGlobalSection
	GlobalSection(NestedProjects) = preSolution
		{B5CF34F4-AEF4-41F2-9820-E71E362B728A} = {BD94D9A0-7D71-46AA-84BF-A246FD01E05F}
		{6A9F9A9E-1A18-439A-95BD-73E040D8DA73} = {BD94D9A0-7D71-46AA-84BF-A246FD01E05F}
		{3AC710D2-CDCD-4925-9A3F-DDE543D12F42} = {3CB39824-5367-4A74-A008-7614E12D2B4F}
	EndGlobalSection
EndGlobal
