
Microsoft Visual Studio Solution File, Format Version 12.00
# Visual Studio Version 17
VisualStudioVersion = 17.0.31903.59
MinimumVisualStudioVersion = 10.0.40219.1
Project("{FAE04EC0-301F-11D3-BF4B-00C04F79EFBC}") = "Molecularity.Core", "Molecularity.Core\Molecularity.Core.csproj", "{5258E504-98D1-410B-A24B-1D19339EF35F}"
EndProject
Project("{FAE04EC0-301F-11D3-BF4B-00C04F79EFBC}") = "Molecularity.Console", "Molecularity.Console\Molecularity.Console.csproj", "{78E55792-7E88-4752-B489-2105AE72600A}"
EndProject
Project("{FAE04EC0-301F-11D3-BF4B-00C04F79EFBC}") = "Molecularity.Tests", "Molecularity.Tests\Molecularity.Tests.csproj", "{6E3879B3-40C8-4F9F-A562-60470524EA2C}"
EndProject
Global
	GlobalSection(SolutionConfigurationPlatforms) = preSolution
		Debug|Any CPU = Debug|Any CPU
		Release|Any CPU = Release|Any CPU
	EndGlobalSection
	GlobalSection(SolutionProperties) = preSolution
		HideSolutionNode = FALSE
	EndGlobalSection
	GlobalSection(ProjectConfigurationPlatforms) = postSolution
		{5258E504-98D1-410B-A24B-1D19339EF35F}.Debug|Any CPU.ActiveCfg = Debug|Any CPU
		{5258E504-98D1-410B-A24B-1D19339EF35F}.Debug|Any CPU.Build.0 = Debug|Any CPU
		{5258E504-98D1-410B-A24B-1D19339EF35F}.Release|Any CPU.ActiveCfg = Release|Any CPU
		{5258E504-98D1-410B-A24B-1D19339EF35F}.Release|Any CPU.Build.0 = Release|Any CPU
		{78E55792-7E88-4752-B489-2105AE72600A}.Debug|Any CPU.ActiveCfg = Debug|Any CPU
		{78E55792-7E88-4752-B489-2105AE72600A}.Debug|Any CPU.Build.0 = Debug|Any CPU
		{78E55792-7E88-4752-B489-2105AE72600A}.Release|Any CPU.ActiveCfg = Release|Any CPU
		{78E55792-7E88-4752-B489-2105AE72600A}.Release|Any CPU.Build.0 = Release|Any CPU
		{6E3879B3-40C8-4F9F-A562-60470524EA2C}.Debug|Any CPU.ActiveCfg = Debug|Any CPU
		{6E3879B3-40C8-4F9F-A562-60470524EA2C}.Debug|Any CPU.Build.0 = Debug|Any CPU
		{6E3879B3-40C8-4F9F-A562-60470524EA2C}.Release|Any CPU.ActiveCfg = Release|Any CPU
		{6E3879B3-40C8-4F9F-A562-60470524EA2C}.Release|Any CPU.Build.0 = Release|Any CPU
	EndGlobalSection
EndGlobal
